
Microsoft Visual Studio Solution File, Format Version 12.00
# Visual Studio Version 17
VisualStudioVersion = 17.0.31903.59
MinimumVisualStudioVersion = 10.0.40219.1
Project("{FAE04EC0-301F-11D3-BF4B-00C04F79EFBC}") = "WarehouseManagementSystem.Api", "WarehouseManagementSystem.Api\WarehouseManagementSystem.Api.csproj", "{A2E1B95C-75EE-4CE5-BFF5-9C24836E3CB3}"
EndProject
Project("{FAE04EC0-301F-11D3-BF4B-00C04F79EFBC}") = "WarehouseManagementSystem.Api.Tests", "WarehouseManagementSystem.Api.Tests\WarehouseManagementSystem.Api.Tests.csproj", "{7DFD647B-BA9F-4160-B4C6-8AA83EE66005}"
EndProject
Global
	GlobalSection(SolutionConfigurationPlatforms) = preSolution
		Debug|Any CPU = Debug|Any CPU
		Release|Any CPU = Release|Any CPU
	EndGlobalSection
	GlobalSection(SolutionProperties) = preSolution
		HideSolutionNode = FALSE
	EndGlobalSection
	GlobalSection(ProjectConfigurationPlatforms) = postSolution
		{A2E1B95C-75EE-4CE5-BFF5-9C24836E3CB3}.Debug|Any CPU.ActiveCfg = Debug|Any CPU
		{A2E1B95C-75EE-4CE5-BFF5-9C24836E3CB3}.Debug|Any CPU.Build.0 = Debug|Any CPU
		{A2E1B95C-75EE-4CE5-BFF5-9C24836E3CB3}.Release|Any CPU.ActiveCfg = Release|Any CPU
		{A2E1B95C-75EE-4CE5-BFF5-9C24836E3CB3}.Release|Any CPU.Build.0 = Release|Any CPU
		{7DFD647B-BA9F-4160-B4C6-8AA83EE66005}.Debug|Any CPU.ActiveCfg = Debug|Any CPU
		{7DFD647B-BA9F-4160-B4C6-8AA83EE66005}.Debug|Any CPU.Build.0 = Debug|Any CPU
		{7DFD647B-BA9F-4160-B4C6-8AA83EE66005}.Release|Any CPU.ActiveCfg = Release|Any CPU
		{7DFD647B-BA9F-4160-B4C6-8AA83EE66005}.Release|Any CPU.Build.0 = Release|Any CPU
	EndGlobalSection
EndGlobal
